
Microsoft Visual Studio Solution File, Format Version 10.00
# Visual Studio 2008
Project("{8BC9CEB8-8B4A-11D0-8D11-00A0C91BC942}") = "Project0", "Project0\Project0.vcproj", "{7564976C-4577-4FA1-BC78-12CBB650209C}"
EndProject
Global
	GlobalSection(SolutionConfigurationPlatforms) = preSolution
		Debug|Win32 = Debug|Win32
		Release|Win32 = Release|Win32
	EndGlobalSection
	GlobalSection(ProjectConfigurationPlatforms) = postSolution
		{7564976C-4577-4FA1-BC78-12CBB650209C}.Debug|Win32.ActiveCfg = Debug|Win32
		{7564976C-4577-4FA1-BC78-12CBB650209C}.Debug|Win32.Build.0 = Debug|Win32
		{7564976C-4577-4FA1-BC78-12CBB650209C}.Release|Win32.ActiveCfg = Release|Win32
		{7564976C-4577-4FA1-BC78-12CBB650209C}.Release|Win32.Build.0 = Release|Win32
	EndGlobalSection
	GlobalSection(SolutionProperties) = preSolution
		HideSolutionNode = FALSE
	EndGlobalSection
EndGlobal
